
Microsoft Visual Studio Solution File, Format Version 12.00
# Visual Studio Version 17
VisualStudioVersion = 17.13.35818.85 d17.13
MinimumVisualStudioVersion = 10.0.40219.1
Project("{FAE04EC0-301F-11D3-BF4B-00C04F79EFBC}") = "TP-Modul-02", "TP-Modul-02\TP-Modul-02.csproj", "{FD423B5E-EC10-40A0-8B89-6D8D7502FA50}"
EndProject
Global
	GlobalSection(SolutionConfigurationPlatforms) = preSolution
		Debug|Any CPU = Debug|Any CPU
		Release|Any CPU = Release|Any CPU
	EndGlobalSection
	GlobalSection(ProjectConfigurationPlatforms) = postSolution
		{FD423B5E-EC10-40A0-8B89-6D8D7502FA50}.Debug|Any CPU.ActiveCfg = Debug|Any CPU
		{FD423B5E-EC10-40A0-8B89-6D8D7502FA50}.Debug|Any CPU.Build.0 = Debug|Any CPU
		{FD423B5E-EC10-40A0-8B89-6D8D7502FA50}.Release|Any CPU.ActiveCfg = Release|Any CPU
		{FD423B5E-EC10-40A0-8B89-6D8D7502FA50}.Release|Any CPU.Build.0 = Release|Any CPU
	EndGlobalSection
	GlobalSection(SolutionProperties) = preSolution
		HideSolutionNode = FALSE
	EndGlobalSection
	GlobalSection(ExtensibilityGlobals) = postSolution
		SolutionGuid = {5F43E495-8020-4192-8EF9-3C526ED8BFB5}
	EndGlobalSection
EndGlobal
